
Microsoft Visual Studio Solution File, Format Version 12.00
# Visual Studio Version 16
VisualStudioVersion = 16.0.29806.167
MinimumVisualStudioVersion = 10.0.40219.1
Project("{FAE04EC0-301F-11D3-BF4B-00C04F79EFBC}") = "pryDatosPersonalesCalebVega.Model", "pryDatosPersonalesCalebVega.Model\pryDatosPersonalesCalebVega.Model.csproj", "{1C132058-43D2-4D25-9912-5F7A75E5D737}"
EndProject
Project("{FAE04EC0-301F-11D3-BF4B-00C04F79EFBC}") = "pryDatosPersonalesCalebVega.BusinessRule", "pryDatosPersonalesCalebVega.BusinessRule\pryDatosPersonalesCalebVega.BusinessRule.csproj", "{6230E32B-9712-4859-A741-F4ACBE24DD58}"
EndProject
Project("{FAE04EC0-301F-11D3-BF4B-00C04F79EFBC}") = "pryDatosPersonalesCalebVega.WinForm", "pryDatosPersonalesCalebVega.WinForm\pryDatosPersonalesCalebVega.WinForm.csproj", "{DA76CC66-2894-4AC5-B6D5-9ADBF4C50FDC}"
EndProject
Global
	GlobalSection(SolutionConfigurationPlatforms) = preSolution
		Debug|Any CPU = Debug|Any CPU
		Release|Any CPU = Release|Any CPU
	EndGlobalSection
	GlobalSection(ProjectConfigurationPlatforms) = postSolution
		{1C132058-43D2-4D25-9912-5F7A75E5D737}.Debug|Any CPU.ActiveCfg = Debug|Any CPU
		{1C132058-43D2-4D25-9912-5F7A75E5D737}.Debug|Any CPU.Build.0 = Debug|Any CPU
		{1C132058-43D2-4D25-9912-5F7A75E5D737}.Release|Any CPU.ActiveCfg = Release|Any CPU
		{1C132058-43D2-4D25-9912-5F7A75E5D737}.Release|Any CPU.Build.0 = Release|Any CPU
		{6230E32B-9712-4859-A741-F4ACBE24DD58}.Debug|Any CPU.ActiveCfg = Debug|Any CPU
		{6230E32B-9712-4859-A741-F4ACBE24DD58}.Debug|Any CPU.Build.0 = Debug|Any CPU
		{6230E32B-9712-4859-A741-F4ACBE24DD58}.Release|Any CPU.ActiveCfg = Release|Any CPU
		{6230E32B-9712-4859-A741-F4ACBE24DD58}.Release|Any CPU.Build.0 = Release|Any CPU
		{DA76CC66-2894-4AC5-B6D5-9ADBF4C50FDC}.Debug|Any CPU.ActiveCfg = Debug|Any CPU
		{DA76CC66-2894-4AC5-B6D5-9ADBF4C50FDC}.Debug|Any CPU.Build.0 = Debug|Any CPU
		{DA76CC66-2894-4AC5-B6D5-9ADBF4C50FDC}.Release|Any CPU.ActiveCfg = Release|Any CPU
		{DA76CC66-2894-4AC5-B6D5-9ADBF4C50FDC}.Release|Any CPU.Build.0 = Release|Any CPU
	EndGlobalSection
	GlobalSection(SolutionProperties) = preSolution
		HideSolutionNode = FALSE
	EndGlobalSection
	GlobalSection(ExtensibilityGlobals) = postSolution
		SolutionGuid = {676A6D12-5B55-4CBB-AA84-93113C73CBEC}
	EndGlobalSection
EndGlobal
